
Microsoft Visual Studio Solution File, Format Version 12.00
# Visual Studio Version 17
VisualStudioVersion = 17.8.34525.116
MinimumVisualStudioVersion = 10.0.40219.1
Project("{FAE04EC0-301F-11D3-BF4B-00C04F79EFBC}") = "XORLinkedList", "XORLinkedList\XORLinkedList.csproj", "{A4235332-323D-4034-9496-90EE0A5E76C1}"
EndProject
Project("{FAE04EC0-301F-11D3-BF4B-00C04F79EFBC}") = "XORLinkedListTests", "XORLinkedListTests\XORLinkedListTests.csproj", "{38F35DDE-3EAF-4848-862A-D17EC74C8FB0}"
	ProjectSection(ProjectDependencies) = postProject
		{A4235332-323D-4034-9496-90EE0A5E76C1} = {A4235332-323D-4034-9496-90EE0A5E76C1}
	EndProjectSection
EndProject
Global
	GlobalSection(SolutionConfigurationPlatforms) = preSolution
		Debug|Any CPU = Debug|Any CPU
		Release|Any CPU = Release|Any CPU
	EndGlobalSection
	GlobalSection(ProjectConfigurationPlatforms) = postSolution
		{A4235332-323D-4034-9496-90EE0A5E76C1}.Debug|Any CPU.ActiveCfg = Debug|Any CPU
		{A4235332-323D-4034-9496-90EE0A5E76C1}.Debug|Any CPU.Build.0 = Debug|Any CPU
		{A4235332-323D-4034-9496-90EE0A5E76C1}.Release|Any CPU.ActiveCfg = Release|Any CPU
		{A4235332-323D-4034-9496-90EE0A5E76C1}.Release|Any CPU.Build.0 = Release|Any CPU
		{38F35DDE-3EAF-4848-862A-D17EC74C8FB0}.Debug|Any CPU.ActiveCfg = Debug|Any CPU
		{38F35DDE-3EAF-4848-862A-D17EC74C8FB0}.Debug|Any CPU.Build.0 = Debug|Any CPU
		{38F35DDE-3EAF-4848-862A-D17EC74C8FB0}.Release|Any CPU.ActiveCfg = Release|Any CPU
		{38F35DDE-3EAF-4848-862A-D17EC74C8FB0}.Release|Any CPU.Build.0 = Release|Any CPU
	EndGlobalSection
	GlobalSection(SolutionProperties) = preSolution
		HideSolutionNode = FALSE
	EndGlobalSection
	GlobalSection(ExtensibilityGlobals) = postSolution
		SolutionGuid = {AD3AC318-F852-4914-AAD0-38849518F6EC}
	EndGlobalSection
EndGlobal
